
Microsoft Visual Studio Solution File, Format Version 12.00
# Visual Studio Version 16
VisualStudioVersion = 16.0.28803.202
MinimumVisualStudioVersion = 10.0.40219.1
Project("{FAE04EC0-301F-11D3-BF4B-00C04F79EFBC}") = "Ntier.Core4", "Ntier.Core4\Ntier.Core4.csproj", "{0A2A774B-6C1F-4D39-B044-B9C05D75F94E}"
EndProject
Project("{2150E333-8FDC-42A3-9474-1A3956D46DE8}") = "NewFolder1", "NewFolder1", "{42C0E487-551B-400A-AAB3-ED5198EDCEBC}"
EndProject
Project("{FAE04EC0-301F-11D3-BF4B-00C04F79EFBC}") = "Ntier.Entities", "Ntier.Entities\Ntier.Entities.csproj", "{FBB89145-5B97-4E21-A731-FB58A60ACFBA}"
EndProject
Global
	GlobalSection(SolutionConfigurationPlatforms) = preSolution
		Debug|Any CPU = Debug|Any CPU
		Release|Any CPU = Release|Any CPU
	EndGlobalSection
	GlobalSection(ProjectConfigurationPlatforms) = postSolution
		{0A2A774B-6C1F-4D39-B044-B9C05D75F94E}.Debug|Any CPU.ActiveCfg = Debug|Any CPU
		{0A2A774B-6C1F-4D39-B044-B9C05D75F94E}.Debug|Any CPU.Build.0 = Debug|Any CPU
		{0A2A774B-6C1F-4D39-B044-B9C05D75F94E}.Release|Any CPU.ActiveCfg = Release|Any CPU
		{0A2A774B-6C1F-4D39-B044-B9C05D75F94E}.Release|Any CPU.Build.0 = Release|Any CPU
		{FBB89145-5B97-4E21-A731-FB58A60ACFBA}.Debug|Any CPU.ActiveCfg = Debug|Any CPU
		{FBB89145-5B97-4E21-A731-FB58A60ACFBA}.Debug|Any CPU.Build.0 = Debug|Any CPU
		{FBB89145-5B97-4E21-A731-FB58A60ACFBA}.Release|Any CPU.ActiveCfg = Release|Any CPU
		{FBB89145-5B97-4E21-A731-FB58A60ACFBA}.Release|Any CPU.Build.0 = Release|Any CPU
	EndGlobalSection
	GlobalSection(SolutionProperties) = preSolution
		HideSolutionNode = FALSE
	EndGlobalSection
	GlobalSection(ExtensibilityGlobals) = postSolution
		SolutionGuid = {B38297CD-10F4-4CF0-8534-D1AF1992B5BE}
	EndGlobalSection
EndGlobal
